
Microsoft Visual Studio Solution File, Format Version 12.00
# Visual Studio Version 16
VisualStudioVersion = 16.0.35706.149
MinimumVisualStudioVersion = 10.0.40219.1
Project("{8BC9CEB8-8B4A-11D0-8D11-00A0C91BC942}") = "Pointers", "Pointers\Pointers.vcxproj", "{6AA50126-0035-42BC-99BF-39B760186BED}"
EndProject
Project("{8BC9CEB8-8B4A-11D0-8D11-00A0C91BC942}") = "TransferParameters", "TransferParameters\TransferParameters.vcxproj", "{F1BCDB5E-6053-42CE-BF5E-E4CC324E53F3}"
EndProject
Project("{8BC9CEB8-8B4A-11D0-8D11-00A0C91BC942}") = "References", "References\References.vcxproj", "{E4C32739-E64F-4923-8605-3DB88F3E4322}"
EndProject
Project("{8BC9CEB8-8B4A-11D0-8D11-00A0C91BC942}") = "DynamicMemory", "DynamicMemory\DynamicMemory.vcxproj", "{5FD682BA-1214-4B93-A114-3D21C36D9C6D}"
EndProject
Project("{8BC9CEB8-8B4A-11D0-8D11-00A0C91BC942}") = "FunctionsAndArrays", "FunctionsAndArrays\FunctionsAndArrays.vcxproj", "{9BBBAD29-6728-4CD3-9632-86C74BAF6D7D}"
EndProject
Project("{8BC9CEB8-8B4A-11D0-8D11-00A0C91BC942}") = "Split", "Split\Split.vcxproj", "{C034A489-8CA3-4622-A203-F86250762FC1}"
EndProject
Global
	GlobalSection(SolutionConfigurationPlatforms) = preSolution
		Debug|x64 = Debug|x64
		Debug|x86 = Debug|x86
		Release|x64 = Release|x64
		Release|x86 = Release|x86
	EndGlobalSection
	GlobalSection(ProjectConfigurationPlatforms) = postSolution
		{6AA50126-0035-42BC-99BF-39B760186BED}.Debug|x64.ActiveCfg = Debug|x64
		{6AA50126-0035-42BC-99BF-39B760186BED}.Debug|x64.Build.0 = Debug|x64
		{6AA50126-0035-42BC-99BF-39B760186BED}.Debug|x86.ActiveCfg = Debug|Win32
		{6AA50126-0035-42BC-99BF-39B760186BED}.Debug|x86.Build.0 = Debug|Win32
		{6AA50126-0035-42BC-99BF-39B760186BED}.Release|x64.ActiveCfg = Release|x64
		{6AA50126-0035-42BC-99BF-39B760186BED}.Release|x64.Build.0 = Release|x64
		{6AA50126-0035-42BC-99BF-39B760186BED}.Release|x86.ActiveCfg = Release|Win32
		{6AA50126-0035-42BC-99BF-39B760186BED}.Release|x86.Build.0 = Release|Win32
		{F1BCDB5E-6053-42CE-BF5E-E4CC324E53F3}.Debug|x64.ActiveCfg = Debug|x64
		{F1BCDB5E-6053-42CE-BF5E-E4CC324E53F3}.Debug|x64.Build.0 = Debug|x64
		{F1BCDB5E-6053-42CE-BF5E-E4CC324E53F3}.Debug|x86.ActiveCfg = Debug|Win32
		{F1BCDB5E-6053-42CE-BF5E-E4CC324E53F3}.Debug|x86.Build.0 = Debug|Win32
		{F1BCDB5E-6053-42CE-BF5E-E4CC324E53F3}.Release|x64.ActiveCfg = Release|x64
		{F1BCDB5E-6053-42CE-BF5E-E4CC324E53F3}.Release|x64.Build.0 = Release|x64
		{F1BCDB5E-6053-42CE-BF5E-E4CC324E53F3}.Release|x86.ActiveCfg = Release|Win32
		{F1BCDB5E-6053-42CE-BF5E-E4CC324E53F3}.Release|x86.Build.0 = Release|Win32
		{E4C32739-E64F-4923-8605-3DB88F3E4322}.Debug|x64.ActiveCfg = Debug|x64
		{E4C32739-E64F-4923-8605-3DB88F3E4322}.Debug|x64.Build.0 = Debug|x64
		{E4C32739-E64F-4923-8605-3DB88F3E4322}.Debug|x86.ActiveCfg = Debug|Win32
		{E4C32739-E64F-4923-8605-3DB88F3E4322}.Debug|x86.Build.0 = Debug|Win32
		{E4C32739-E64F-4923-8605-3DB88F3E4322}.Release|x64.ActiveCfg = Release|x64
		{E4C32739-E64F-4923-8605-3DB88F3E4322}.Release|x64.Build.0 = Release|x64
		{E4C32739-E64F-4923-8605-3DB88F3E4322}.Release|x86.ActiveCfg = Release|Win32
		{E4C32739-E64F-4923-8605-3DB88F3E4322}.Release|x86.Build.0 = Release|Win32
		{5FD682BA-1214-4B93-A114-3D21C36D9C6D}.Debug|x64.ActiveCfg = Debug|x64
		{5FD682BA-1214-4B93-A114-3D21C36D9C6D}.Debug|x64.Build.0 = Debug|x64
		{5FD682BA-1214-4B93-A114-3D21C36D9C6D}.Debug|x86.ActiveCfg = Debug|Win32
		{5FD682BA-1214-4B93-A114-3D21C36D9C6D}.Debug|x86.Build.0 = Debug|Win32
		{5FD682BA-1214-4B93-A114-3D21C36D9C6D}.Release|x64.ActiveCfg = Release|x64
		{5FD682BA-1214-4B93-A114-3D21C36D9C6D}.Release|x64.Build.0 = Release|x64
		{5FD682BA-1214-4B93-A114-3D21C36D9C6D}.Release|x86.ActiveCfg = Release|Win32
		{5FD682BA-1214-4B93-A114-3D21C36D9C6D}.Release|x86.Build.0 = Release|Win32
		{9BBBAD29-6728-4CD3-9632-86C74BAF6D7D}.Debug|x64.ActiveCfg = Debug|x64
		{9BBBAD29-6728-4CD3-9632-86C74BAF6D7D}.Debug|x64.Build.0 = Debug|x64
		{9BBBAD29-6728-4CD3-9632-86C74BAF6D7D}.Debug|x86.ActiveCfg = Debug|Win32
		{9BBBAD29-6728-4CD3-9632-86C74BAF6D7D}.Debug|x86.Build.0 = Debug|Win32
		{9BBBAD29-6728-4CD3-9632-86C74BAF6D7D}.Release|x64.ActiveCfg = Release|x64
		{9BBBAD29-6728-4CD3-9632-86C74BAF6D7D}.Release|x64.Build.0 = Release|x64
		{9BBBAD29-6728-4CD3-9632-86C74BAF6D7D}.Release|x86.ActiveCfg = Release|Win32
		{9BBBAD29-6728-4CD3-9632-86C74BAF6D7D}.Release|x86.Build.0 = Release|Win32
		{C034A489-8CA3-4622-A203-F86250762FC1}.Debug|x64.ActiveCfg = Debug|x64
		{C034A489-8CA3-4622-A203-F86250762FC1}.Debug|x64.Build.0 = Debug|x64
		{C034A489-8CA3-4622-A203-F86250762FC1}.Debug|x86.ActiveCfg = Debug|Win32
		{C034A489-8CA3-4622-A203-F86250762FC1}.Debug|x86.Build.0 = Debug|Win32
		{C034A489-8CA3-4622-A203-F86250762FC1}.Release|x64.ActiveCfg = Release|x64
		{C034A489-8CA3-4622-A203-F86250762FC1}.Release|x64.Build.0 = Release|x64
		{C034A489-8CA3-4622-A203-F86250762FC1}.Release|x86.ActiveCfg = Release|Win32
		{C034A489-8CA3-4622-A203-F86250762FC1}.Release|x86.Build.0 = Release|Win32
	EndGlobalSection
	GlobalSection(SolutionProperties) = preSolution
		HideSolutionNode = FALSE
	EndGlobalSection
	GlobalSection(ExtensibilityGlobals) = postSolution
		SolutionGuid = {5D3B2475-DD57-457E-BCA2-0C5713C8B533}
	EndGlobalSection
EndGlobal
